// !$*UTF8*$!
{
	archiveVersion = 1;
	classes = {
	};
	objectVersion = 51;
	objects = {

/* Begin PBXBuildFile section */
		715BC23424D2B89D00A1F479 /* AppDelegate.swift in Sources */ = {isa = PBXBuildFile; fileRef = 715BC23324D2B89D00A1F479 /* AppDelegate.swift */; };
		715BC23624D2B89D00A1F479 /* SceneDelegate.swift in Sources */ = {isa = PBXBuildFile; fileRef = 715BC23524D2B89D00A1F479 /* SceneDelegate.swift */; };
		715BC23824D2B89D00A1F479 /* WeatherViewController.swift in Sources */ = {isa = PBXBuildFile; fileRef = 715BC23724D2B89D00A1F479 /* WeatherViewController.swift */; };
		715BC23B24D2B89D00A1F479 /* Main.storyboard in Resources */ = {isa = PBXBuildFile; fileRef = 715BC23924D2B89D00A1F479 /* Main.storyboard */; };
		715BC23D24D2B8A000A1F479 /* Assets.xcassets in Resources */ = {isa = PBXBuildFile; fileRef = 715BC23C24D2B8A000A1F479 /* Assets.xcassets */; };
		715BC24024D2B8A000A1F479 /* LaunchScreen.storyboard in Resources */ = {isa = PBXBuildFile; fileRef = 715BC23E24D2B8A000A1F479 /* LaunchScreen.storyboard */; };
		7183385124DCCBEC0002CE13 /* WeatherData.swift in Sources */ = {isa = PBXBuildFile; fileRef = 7183385024DCCBEC0002CE13 /* WeatherData.swift */; };
		7183385324DCD0E50002CE13 /* WeatherManager.swift in Sources */ = {isa = PBXBuildFile; fileRef = 7183385224DCD0E50002CE13 /* WeatherManager.swift */; };
		7183385724DD1C660002CE13 /* Double+Extensions.swift in Sources */ = {isa = PBXBuildFile; fileRef = 7183385624DD1C660002CE13 /* Double+Extensions.swift */; };
		7183385924DF7F750002CE13 /* AddCityViewController.swift in Sources */ = {isa = PBXBuildFile; fileRef = 7183385824DF7F750002CE13 /* AddCityViewController.swift */; };
		7183385B24E0A6FE0002CE13 /* Int+Extensions.swift in Sources */ = {isa = PBXBuildFile; fileRef = 7183385A24E0A6FE0002CE13 /* Int+Extensions.swift */; };
		7183385D24E3C58F0002CE13 /* WeatherDataFailure.swift in Sources */ = {isa = PBXBuildFile; fileRef = 7183385C24E3C58F0002CE13 /* WeatherDataFailure.swift */; };
		A7D98DFE681C1B6CDF353B9B /* Pods_ios_weather_app.framework in Frameworks */ = {isa = PBXBuildFile; fileRef = 68CF12A115A92D72D64E088A /* Pods_ios_weather_app.framework */; };
/* End PBXBuildFile section */

/* Begin PBXFileReference section */
		68CF12A115A92D72D64E088A /* Pods_ios_weather_app.framework */ = {isa = PBXFileReference; explicitFileType = wrapper.framework; includeInIndex = 0; path = Pods_ios_weather_app.framework; sourceTree = BUILT_PRODUCTS_DIR; };
		715BC23024D2B89D00A1F479 /* Swifty Weather.app */ = {isa = PBXFileReference; explicitFileType = wrapper.application; includeInIndex = 0; path = "Swifty Weather.app"; sourceTree = BUILT_PRODUCTS_DIR; };
		715BC23324D2B89D00A1F479 /* AppDelegate.swift */ = {isa = PBXFileReference; lastKnownFileType = sourcecode.swift; path = AppDelegate.swift; sourceTree = "<group>"; };
		715BC23524D2B89D00A1F479 /* SceneDelegate.swift */ = {isa = PBXFileReference; lastKnownFileType = sourcecode.swift; path = SceneDelegate.swift; sourceTree = "<group>"; };
		715BC23724D2B89D00A1F479 /* WeatherViewController.swift */ = {isa = PBXFileReference; lastKnownFileType = sourcecode.swift; path = WeatherViewController.swift; sourceTree = "<group>"; };
		715BC23A24D2B89D00A1F479 /* Base */ = {isa = PBXFileReference; lastKnownFileType = file.storyboard; name = Base; path = Base.lproj/Main.storyboard; sourceTree = "<group>"; };
		715BC23C24D2B8A000A1F479 /* Assets.xcassets */ = {isa = PBXFileReference; lastKnownFileType = folder.assetcatalog; path = Assets.xcassets; sourceTree = "<group>"; };
		715BC23F24D2B8A000A1F479 /* Base */ = {isa = PBXFileReference; lastKnownFileType = file.storyboard; name = Base; path = Base.lproj/LaunchScreen.storyboard; sourceTree = "<group>"; };
		715BC24124D2B8A000A1F479 /* Info.plist */ = {isa = PBXFileReference; lastKnownFileType = text.plist.xml; path = Info.plist; sourceTree = "<group>"; };
		7183385024DCCBEC0002CE13 /* WeatherData.swift */ = {isa = PBXFileReference; lastKnownFileType = sourcecode.swift; path = WeatherData.swift; sourceTree = "<group>"; };
		7183385224DCD0E50002CE13 /* WeatherManager.swift */ = {isa = PBXFileReference; lastKnownFileType = sourcecode.swift; path = WeatherManager.swift; sourceTree = "<group>"; };
		7183385624DD1C660002CE13 /* Double+Extensions.swift */ = {isa = PBXFileReference; lastKnownFileType = sourcecode.swift; path = "Double+Extensions.swift"; sourceTree = "<group>"; };
		7183385824DF7F750002CE13 /* AddCityViewController.swift */ = {isa = PBXFileReference; lastKnownFileType = sourcecode.swift; path = AddCityViewController.swift; sourceTree = "<group>"; };
		7183385A24E0A6FE0002CE13 /* Int+Extensions.swift */ = {isa = PBXFileReference; lastKnownFileType = sourcecode.swift; path = "Int+Extensions.swift"; sourceTree = "<group>"; };
		7183385C24E3C58F0002CE13 /* WeatherDataFailure.swift */ = {isa = PBXFileReference; lastKnownFileType = sourcecode.swift; path = WeatherDataFailure.swift; sourceTree = "<group>"; };
		949CA197053264C8C3DE525C /* Pods-ios-weather-app.release.xcconfig */ = {isa = PBXFileReference; includeInIndex = 1; lastKnownFileType = text.xcconfig; name = "Pods-ios-weather-app.release.xcconfig"; path = "Target Support Files/Pods-ios-weather-app/Pods-ios-weather-app.release.xcconfig"; sourceTree = "<group>"; };
		FA47FD9AD8008857FE49E033 /* Pods-ios-weather-app.debug.xcconfig */ = {isa = PBXFileReference; includeInIndex = 1; lastKnownFileType = text.xcconfig; name = "Pods-ios-weather-app.debug.xcconfig"; path = "Target Support Files/Pods-ios-weather-app/Pods-ios-weather-app.debug.xcconfig"; sourceTree = "<group>"; };
/* End PBXFileReference section */

/* Begin PBXFrameworksBuildPhase section */
		715BC22D24D2B89D00A1F479 /* Frameworks */ = {
			isa = PBXFrameworksBuildPhase;
			buildActionMask = 2147483647;
			files = (
				A7D98DFE681C1B6CDF353B9B /* Pods_ios_weather_app.framework in Frameworks */,
			);
			runOnlyForDeploymentPostprocessing = 0;
		};
/* End PBXFrameworksBuildPhase section */

/* Begin PBXGroup section */
		38E971EF755F676025C26888 /* Frameworks */ = {
			isa = PBXGroup;
			children = (
				68CF12A115A92D72D64E088A /* Pods_ios_weather_app.framework */,
			);
			name = Frameworks;
			sourceTree = "<group>";
		};
		563D9300E0B48F2604A0ED10 /* Pods */ = {
			isa = PBXGroup;
			children = (
				FA47FD9AD8008857FE49E033 /* Pods-ios-weather-app.debug.xcconfig */,
				949CA197053264C8C3DE525C /* Pods-ios-weather-app.release.xcconfig */,
			);
			path = Pods;
			sourceTree = "<group>";
		};
		715BC22724D2B89C00A1F479 = {
			isa = PBXGroup;
			children = (
				715BC23224D2B89D00A1F479 /* ios-weather-app */,
				715BC23124D2B89D00A1F479 /* Products */,
				563D9300E0B48F2604A0ED10 /* Pods */,
				38E971EF755F676025C26888 /* Frameworks */,
			);
			sourceTree = "<group>";
		};
		715BC23124D2B89D00A1F479 /* Products */ = {
			isa = PBXGroup;
			children = (
				715BC23024D2B89D00A1F479 /* Swifty Weather.app */,
			);
			name = Products;
			sourceTree = "<group>";
		};
		715BC23224D2B89D00A1F479 /* ios-weather-app */ = {
			isa = PBXGroup;
			children = (
				7183385424DD17A00002CE13 /* Controls */,
				7183385524DD1C3B0002CE13 /* Extension */,
				7183384E24DCCBA10002CE13 /* Model */,
				7183384F24DCCBC60002CE13 /* Manager */,
				715BC23324D2B89D00A1F479 /* AppDelegate.swift */,
				715BC23524D2B89D00A1F479 /* SceneDelegate.swift */,
				715BC23E24D2B8A000A1F479 /* LaunchScreen.storyboard */,
				715BC23924D2B89D00A1F479 /* Main.storyboard */,
				715BC23C24D2B8A000A1F479 /* Assets.xcassets */,
				715BC24124D2B8A000A1F479 /* Info.plist */,
			);
			path = "ios-weather-app";
			sourceTree = "<group>";
		};
		7183384E24DCCBA10002CE13 /* Model */ = {
			isa = PBXGroup;
			children = (
				7183385024DCCBEC0002CE13 /* WeatherData.swift */,
				7183385C24E3C58F0002CE13 /* WeatherDataFailure.swift */,
			);
			path = Model;
			sourceTree = "<group>";
		};
		7183384F24DCCBC60002CE13 /* Manager */ = {
			isa = PBXGroup;
			children = (
				7183385224DCD0E50002CE13 /* WeatherManager.swift */,
			);
			path = Manager;
			sourceTree = "<group>";
		};
		7183385424DD17A00002CE13 /* Controls */ = {
			isa = PBXGroup;
			children = (
				715BC23724D2B89D00A1F479 /* WeatherViewController.swift */,
				7183385824DF7F750002CE13 /* AddCityViewController.swift */,
			);
			path = Controls;
			sourceTree = "<group>";
		};
		7183385524DD1C3B0002CE13 /* Extension */ = {
			isa = PBXGroup;
			children = (
				7183385624DD1C660002CE13 /* Double+Extensions.swift */,
				7183385A24E0A6FE0002CE13 /* Int+Extensions.swift */,
			);
			path = Extension;
			sourceTree = "<group>";
		};
/* End PBXGroup section */

/* Begin PBXNativeTarget section */
		715BC22F24D2B89D00A1F479 /* ios-weather-app */ = {
			isa = PBXNativeTarget;
			buildConfigurationList = 715BC24424D2B8A000A1F479 /* Build configuration list for PBXNativeTarget "ios-weather-app" */;
			buildPhases = (
				3072E29D748274CFAC27D0C7 /* [CP] Check Pods Manifest.lock */,
				715BC22C24D2B89D00A1F479 /* Sources */,
				715BC22D24D2B89D00A1F479 /* Frameworks */,
				715BC22E24D2B89D00A1F479 /* Resources */,
				F5892EF06F60DE86D5E43088 /* [CP] Embed Pods Frameworks */,
			);
			buildRules = (
			);
			dependencies = (
			);
			name = "ios-weather-app";
			productName = "ios-weather-app";
			productReference = 715BC23024D2B89D00A1F479 /* Swifty Weather.app */;
			productType = "com.apple.product-type.application";
		};
/* End PBXNativeTarget section */

/* Begin PBXProject section */
		715BC22824D2B89C00A1F479 /* Project object */ = {
			isa = PBXProject;
			attributes = {
				LastSwiftUpdateCheck = 1160;
				LastUpgradeCheck = 1160;
				ORGANIZATIONNAME = "Stella Su";
				TargetAttributes = {
					715BC22F24D2B89D00A1F479 = {
						CreatedOnToolsVersion = 11.6;
					};
				};
			};
			buildConfigurationList = 715BC22B24D2B89C00A1F479 /* Build configuration list for PBXProject "ios-weather-app" */;
			compatibilityVersion = "Xcode 9.3";
			developmentRegion = en;
			hasScannedForEncodings = 0;
			knownRegions = (
				en,
				Base,
			);
			mainGroup = 715BC22724D2B89C00A1F479;
			productRefGroup = 715BC23124D2B89D00A1F479 /* Products */;
			projectDirPath = "";
			projectRoot = "";
			targets = (
				715BC22F24D2B89D00A1F479 /* ios-weather-app */,
			);
		};
/* End PBXProject section */

/* Begin PBXResourcesBuildPhase section */
		715BC22E24D2B89D00A1F479 /* Resources */ = {
			isa = PBXResourcesBuildPhase;
			buildActionMask = 2147483647;
			files = (
				715BC24024D2B8A000A1F479 /* LaunchScreen.storyboard in Resources */,
				715BC23D24D2B8A000A1F479 /* Assets.xcassets in Resources */,
				715BC23B24D2B89D00A1F479 /* Main.storyboard in Resources */,
			);
			runOnlyForDeploymentPostprocessing = 0;
		};
/* End PBXResourcesBuildPhase section */

/* Begin PBXShellScriptBuildPhase section */
		3072E29D748274CFAC27D0C7 /* [CP] Check Pods Manifest.lock */ = {
			isa = PBXShellScriptBuildPhase;
			buildActionMask = 2147483647;
			files = (
			);
			inputFileListPaths = (
			);
			inputPaths = (
				"${PODS_PODFILE_DIR_PATH}/Podfile.lock",
				"${PODS_ROOT}/Manifest.lock",
			);
			name = "[CP] Check Pods Manifest.lock";
			outputFileListPaths = (
			);
			outputPaths = (
				"$(DERIVED_FILE_DIR)/Pods-ios-weather-app-checkManifestLockResult.txt",
			);
			runOnlyForDeploymentPostprocessing = 0;
			shellPath = /bin/sh;
			shellScript = "diff \"${PODS_PODFILE_DIR_PATH}/Podfile.lock\" \"${PODS_ROOT}/Manifest.lock\" > /dev/null\nif [ $? != 0 ] ; then\n    # print error to STDERR\n    echo \"error: The sandbox is not in sync with the Podfile.lock. Run 'pod install' or update your CocoaPods installation.\" >&2\n    exit 1\nfi\n# This output is used by Xcode 'outputs' to avoid re-running this script phase.\necho \"SUCCESS\" > \"${SCRIPT_OUTPUT_FILE_0}\"\n";
			showEnvVarsInLog = 0;
		};
		F5892EF06F60DE86D5E43088 /* [CP] Embed Pods Frameworks */ = {
			isa = PBXShellScriptBuildPhase;
			buildActionMask = 2147483647;
			files = (
			);
			inputFileListPaths = (
				"${PODS_ROOT}/Target Support Files/Pods-ios-weather-app/Pods-ios-weather-app-frameworks-${CONFIGURATION}-input-files.xcfilelist",
			);
			name = "[CP] Embed Pods Frameworks";
			outputFileListPaths = (
				"${PODS_ROOT}/Target Support Files/Pods-ios-weather-app/Pods-ios-weather-app-frameworks-${CONFIGURATION}-output-files.xcfilelist",
			);
			runOnlyForDeploymentPostprocessing = 0;
			shellPath = /bin/sh;
			shellScript = "\"${PODS_ROOT}/Target Support Files/Pods-ios-weather-app/Pods-ios-weather-app-frameworks.sh\"\n";
			showEnvVarsInLog = 0;
		};
/* End PBXShellScriptBuildPhase section */

/* Begin PBXSourcesBuildPhase section */
		715BC22C24D2B89D00A1F479 /* Sources */ = {
			isa = PBXSourcesBuildPhase;
			buildActionMask = 2147483647;
			files = (
				7183385724DD1C660002CE13 /* Double+Extensions.swift in Sources */,
				7183385924DF7F750002CE13 /* AddCityViewController.swift in Sources */,
				7183385D24E3C58F0002CE13 /* WeatherDataFailure.swift in Sources */,
				715BC23824D2B89D00A1F479 /* WeatherViewController.swift in Sources */,
				715BC23424D2B89D00A1F479 /* AppDelegate.swift in Sources */,
				7183385324DCD0E50002CE13 /* WeatherManager.swift in Sources */,
				7183385B24E0A6FE0002CE13 /* Int+Extensions.swift in Sources */,
				7183385124DCCBEC0002CE13 /* WeatherData.swift in Sources */,
				715BC23624D2B89D00A1F479 /* SceneDelegate.swift in Sources */,
			);
			runOnlyForDeploymentPostprocessing = 0;
		};
/* End PBXSourcesBuildPhase section */

/* Begin PBXVariantGroup section */
		715BC23924D2B89D00A1F479 /* Main.storyboard */ = {
			isa = PBXVariantGroup;
			children = (
				715BC23A24D2B89D00A1F479 /* Base */,
			);
			name = Main.storyboard;
			sourceTree = "<group>";
		};
		715BC23E24D2B8A000A1F479 /* LaunchScreen.storyboard */ = {
			isa = PBXVariantGroup;
			children = (
				715BC23F24D2B8A000A1F479 /* Base */,
			);
			name = LaunchScreen.storyboard;
			sourceTree = "<group>";
		};
/* End PBXVariantGroup section */

/* Begin XCBuildConfiguration section */
		715BC24224D2B8A000A1F479 /* Debug */ = {
			isa = XCBuildConfiguration;
			buildSettings = {
				ALWAYS_SEARCH_USER_PATHS = NO;
				CLANG_ANALYZER_NONNULL = YES;
				CLANG_ANALYZER_NUMBER_OBJECT_CONVERSION = YES_AGGRESSIVE;
				CLANG_CXX_LANGUAGE_STANDARD = "gnu++14";
				CLANG_CXX_LIBRARY = "libc++";
				CLANG_ENABLE_MODULES = YES;
				CLANG_ENABLE_OBJC_ARC = YES;
				CLANG_ENABLE_OBJC_WEAK = YES;
				CLANG_WARN_BLOCK_CAPTURE_AUTORELEASING = YES;
				CLANG_WARN_BOOL_CONVERSION = YES;
				CLANG_WARN_COMMA = YES;
				CLANG_WARN_CONSTANT_CONVERSION = YES;
				CLANG_WARN_DEPRECATED_OBJC_IMPLEMENTATIONS = YES;
				CLANG_WARN_DIRECT_OBJC_ISA_USAGE = YES_ERROR;
				CLANG_WARN_DOCUMENTATION_COMMENTS = YES;
				CLANG_WARN_EMPTY_BODY = YES;
				CLANG_WARN_ENUM_CONVERSION = YES;
				CLANG_WARN_INFINITE_RECURSION = YES;
				CLANG_WARN_INT_CONVERSION = YES;
				CLANG_WARN_NON_LITERAL_NULL_CONVERSION = YES;
				CLANG_WARN_OBJC_IMPLICIT_RETAIN_SELF = YES;
				CLANG_WARN_OBJC_LITERAL_CONVERSION = YES;
				CLANG_WARN_OBJC_ROOT_CLASS = YES_ERROR;
				CLANG_WARN_RANGE_LOOP_ANALYSIS = YES;
				CLANG_WARN_STRICT_PROTOTYPES = YES;
				CLANG_WARN_SUSPICIOUS_MOVE = YES;
				CLANG_WARN_UNGUARDED_AVAILABILITY = YES_AGGRESSIVE;
				CLANG_WARN_UNREACHABLE_CODE = YES;
				CLANG_WARN__DUPLICATE_METHOD_MATCH = YES;
				COPY_PHASE_STRIP = NO;
				DEBUG_INFORMATION_FORMAT = dwarf;
				ENABLE_STRICT_OBJC_MSGSEND = YES;
				ENABLE_TESTABILITY = YES;
				GCC_C_LANGUAGE_STANDARD = gnu11;
				GCC_DYNAMIC_NO_PIC = NO;
				GCC_NO_COMMON_BLOCKS = YES;
				GCC_OPTIMIZATION_LEVEL = 0;
				GCC_PREPROCESSOR_DEFINITIONS = (
					"DEBUG=1",
					"$(inherited)",
				);
				GCC_WARN_64_TO_32_BIT_CONVERSION = YES;
				GCC_WARN_ABOUT_RETURN_TYPE = YES_ERROR;
				GCC_WARN_UNDECLARED_SELECTOR = YES;
				GCC_WARN_UNINITIALIZED_AUTOS = YES_AGGRESSIVE;
				GCC_WARN_UNUSED_FUNCTION = YES;
				GCC_WARN_UNUSED_VARIABLE = YES;
				IPHONEOS_DEPLOYMENT_TARGET = 13.6;
				MTL_ENABLE_DEBUG_INFO = INCLUDE_SOURCE;
				MTL_FAST_MATH = YES;
				ONLY_ACTIVE_ARCH = YES;
				SDKROOT = iphoneos;
				SWIFT_ACTIVE_COMPILATION_CONDITIONS = DEBUG;
				SWIFT_OPTIMIZATION_LEVEL = "-Onone";
			};
			name = Debug;
		};
		715BC24324D2B8A000A1F479 /* Release */ = {
			isa = XCBuildConfiguration;
			buildSettings = {
				ALWAYS_SEARCH_USER_PATHS = NO;
				CLANG_ANALYZER_NONNULL = YES;
				CLANG_ANALYZER_NUMBER_OBJECT_CONVERSION = YES_AGGRESSIVE;
				CLANG_CXX_LANGUAGE_STANDARD = "gnu++14";
				CLANG_CXX_LIBRARY = "libc++";
				CLANG_ENABLE_MODULES = YES;
				CLANG_ENABLE_OBJC_ARC = YES;
				CLANG_ENABLE_OBJC_WEAK = YES;
				CLANG_WARN_BLOCK_CAPTURE_AUTORELEASING = YES;
				CLANG_WARN_BOOL_CONVERSION = YES;
				CLANG_WARN_COMMA = YES;
				CLANG_WARN_CONSTANT_CONVERSION = YES;
				CLANG_WARN_DEPRECATED_OBJC_IMPLEMENTATIONS = YES;
				CLANG_WARN_DIRECT_OBJC_ISA_USAGE = YES_ERROR;
				CLANG_WARN_DOCUMENTATION_COMMENTS = YES;
				CLANG_WARN_EMPTY_BODY = YES;
				CLANG_WARN_ENUM_CONVERSION = YES;
				CLANG_WARN_INFINITE_RECURSION = YES;
				CLANG_WARN_INT_CONVERSION = YES;
				CLANG_WARN_NON_LITERAL_NULL_CONVERSION = YES;
				CLANG_WARN_OBJC_IMPLICIT_RETAIN_SELF = YES;
				CLANG_WARN_OBJC_LITERAL_CONVERSION = YES;
				CLANG_WARN_OBJC_ROOT_CLASS = YES_ERROR;
				CLANG_WARN_RANGE_LOOP_ANALYSIS = YES;
				CLANG_WARN_STRICT_PROTOTYPES = YES;
				CLANG_WARN_SUSPICIOUS_MOVE = YES;
				CLANG_WARN_UNGUARDED_AVAILABILITY = YES_AGGRESSIVE;
				CLANG_WARN_UNREACHABLE_CODE = YES;
				CLANG_WARN__DUPLICATE_METHOD_MATCH = YES;
				COPY_PHASE_STRIP = NO;
				DEBUG_INFORMATION_FORMAT = "dwarf-with-dsym";
				ENABLE_NS_ASSERTIONS = NO;
				ENABLE_STRICT_OBJC_MSGSEND = YES;
				GCC_C_LANGUAGE_STANDARD = gnu11;
				GCC_NO_COMMON_BLOCKS = YES;
				GCC_WARN_64_TO_32_BIT_CONVERSION = YES;
				GCC_WARN_ABOUT_RETURN_TYPE = YES_ERROR;
				GCC_WARN_UNDECLARED_SELECTOR = YES;
				GCC_WARN_UNINITIALIZED_AUTOS = YES_AGGRESSIVE;
				GCC_WARN_UNUSED_FUNCTION = YES;
				GCC_WARN_UNUSED_VARIABLE = YES;
				IPHONEOS_DEPLOYMENT_TARGET = 13.6;
				MTL_ENABLE_DEBUG_INFO = NO;
				MTL_FAST_MATH = YES;
				SDKROOT = iphoneos;
				SWIFT_COMPILATION_MODE = wholemodule;
				SWIFT_OPTIMIZATION_LEVEL = "-O";
				VALIDATE_PRODUCT = YES;
			};
			name = Release;
		};
		715BC24524D2B8A000A1F479 /* Debug */ = {
			isa = XCBuildConfiguration;
			baseConfigurationReference = FA47FD9AD8008857FE49E033 /* Pods-ios-weather-app.debug.xcconfig */;
			buildSettings = {
				ASSETCATALOG_COMPILER_APPICON_NAME = AppIcon;
				CODE_SIGN_STYLE = Automatic;
				DEVELOPMENT_TEAM = 54A8RVZ888;
				INFOPLIST_FILE = "ios-weather-app/Info.plist";
				LD_RUNPATH_SEARCH_PATHS = (
					"$(inherited)",
					"@executable_path/Frameworks",
				);
				PRODUCT_BUNDLE_IDENTIFIER = "com.stellasu.ios-weather-app";
				PRODUCT_NAME = "Swifty Weather";
				SWIFT_VERSION = 5.0;
				TARGETED_DEVICE_FAMILY = "1,2";
			};
			name = Debug;
		};
		715BC24624D2B8A000A1F479 /* Release */ = {
			isa = XCBuildConfiguration;
			baseConfigurationReference = 949CA197053264C8C3DE525C /* Pods-ios-weather-app.release.xcconfig */;
			buildSettings = {
				ASSETCATALOG_COMPILER_APPICON_NAME = AppIcon;
				CODE_SIGN_STYLE = Automatic;
				DEVELOPMENT_TEAM = 54A8RVZ888;
				INFOPLIST_FILE = "ios-weather-app/Info.plist";
				LD_RUNPATH_SEARCH_PATHS = (
					"$(inherited)",
					"@executable_path/Frameworks",
				);
				PRODUCT_BUNDLE_IDENTIFIER = "com.stellasu.ios-weather-app";
				PRODUCT_NAME = "Swifty Weather";
				SWIFT_VERSION = 5.0;
				TARGETED_DEVICE_FAMILY = "1,2";
			};
			name = Release;
		};
/* End XCBuildConfiguration section */

/* Begin XCConfigurationList section */
		715BC22B24D2B89C00A1F479 /* Build configuration list for PBXProject "ios-weather-app" */ = {
			isa = XCConfigurationList;
			buildConfigurations = (
				715BC24224D2B8A000A1F479 /* Debug */,
				715BC24324D2B8A000A1F479 /* Release */,
			);
			defaultConfigurationIsVisible = 0;
			defaultConfigurationName = Release;
		};
		715BC24424D2B8A000A1F479 /* Build configuration list for PBXNativeTarget "ios-weather-app" */ = {
			isa = XCConfigurationList;
			buildConfigurations = (
				715BC24524D2B8A000A1F479 /* Debug */,
				715BC24624D2B8A000A1F479 /* Release */,
			);
			defaultConfigurationIsVisible = 0;
			defaultConfigurationName = Release;
		};
/* End XCConfigurationList section */
	};
	rootObject = 715BC22824D2B89C00A1F479 /* Project object */;
}
