PODS:
  - Alamofire (5.2.2)
  - SkeletonView (1.8.7)

DEPENDENCIES:
  - Alamofire
  - SkeletonView

SPEC REPOS:
  trunk:
    - Alamofire
    - SkeletonView

SPEC CHECKSUMS:
  Alamofire: 814429acc853c6c54ff123fc3d2ef66803823ce0
  SkeletonView: ba5370f41280b2f0a76918bb143c1294232bb4f4

PODFILE CHECKSUM: c383f600c74f2f525798aa8944255485c278ecc4

COCOAPODS: 1.9.3
